
Microsoft Visual Studio Solution File, Format Version 12.00
# Visual Studio Version 17
VisualStudioVersion = 17.3.32929.385
MinimumVisualStudioVersion = 10.0.40219.1
Project("{FAE04EC0-301F-11D3-BF4B-00C04F79EFBC}") = "AutomotrizClient", "AutomotrizClient.csproj", "{43526BF9-E796-4B56-8B91-3BB73D0598F3}"
	ProjectSection(ProjectDependencies) = postProject
		{64B1E60C-4ECF-418D-A27C-03FC4B3780AE} = {64B1E60C-4ECF-418D-A27C-03FC4B3780AE}
	EndProjectSection
EndProject
Project("{FAE04EC0-301F-11D3-BF4B-00C04F79EFBC}") = "Aplicacion", "..\Aplicacion\Aplicacion.csproj", "{64B1E60C-4ECF-418D-A27C-03FC4B3780AE}"
EndProject
Project("{FAE04EC0-301F-11D3-BF4B-00C04F79EFBC}") = "AutomotrizWebAPI", "..\AutomotrizWebAPI\AutomotrizWebAPI.csproj", "{CAEB692B-5C45-4D72-B477-CDB7D43044B3}"
	ProjectSection(ProjectDependencies) = postProject
		{64B1E60C-4ECF-418D-A27C-03FC4B3780AE} = {64B1E60C-4ECF-418D-A27C-03FC4B3780AE}
	EndProjectSection
EndProject
Global
	GlobalSection(SolutionConfigurationPlatforms) = preSolution
		Debug|Any CPU = Debug|Any CPU
		Release|Any CPU = Release|Any CPU
	EndGlobalSection
	GlobalSection(ProjectConfigurationPlatforms) = postSolution
		{43526BF9-E796-4B56-8B91-3BB73D0598F3}.Debug|Any CPU.ActiveCfg = Debug|Any CPU
		{43526BF9-E796-4B56-8B91-3BB73D0598F3}.Debug|Any CPU.Build.0 = Debug|Any CPU
		{43526BF9-E796-4B56-8B91-3BB73D0598F3}.Release|Any CPU.ActiveCfg = Release|Any CPU
		{43526BF9-E796-4B56-8B91-3BB73D0598F3}.Release|Any CPU.Build.0 = Release|Any CPU
		{64B1E60C-4ECF-418D-A27C-03FC4B3780AE}.Debug|Any CPU.ActiveCfg = Debug|Any CPU
		{64B1E60C-4ECF-418D-A27C-03FC4B3780AE}.Debug|Any CPU.Build.0 = Debug|Any CPU
		{64B1E60C-4ECF-418D-A27C-03FC4B3780AE}.Release|Any CPU.ActiveCfg = Release|Any CPU
		{64B1E60C-4ECF-418D-A27C-03FC4B3780AE}.Release|Any CPU.Build.0 = Release|Any CPU
		{CAEB692B-5C45-4D72-B477-CDB7D43044B3}.Debug|Any CPU.ActiveCfg = Debug|Any CPU
		{CAEB692B-5C45-4D72-B477-CDB7D43044B3}.Debug|Any CPU.Build.0 = Debug|Any CPU
		{CAEB692B-5C45-4D72-B477-CDB7D43044B3}.Release|Any CPU.ActiveCfg = Release|Any CPU
		{CAEB692B-5C45-4D72-B477-CDB7D43044B3}.Release|Any CPU.Build.0 = Release|Any CPU
	EndGlobalSection
	GlobalSection(SolutionProperties) = preSolution
		HideSolutionNode = FALSE
	EndGlobalSection
	GlobalSection(ExtensibilityGlobals) = postSolution
		SolutionGuid = {6D4EA5A8-6B42-458D-A926-8F7F1DB77A2D}
	EndGlobalSection
EndGlobal
